
Microsoft Visual Studio Solution File, Format Version 12.00
# Visual Studio 14
VisualStudioVersion = 14.0.25420.1
MinimumVisualStudioVersion = 10.0.40219.1
Project("{FAE04EC0-301F-11D3-BF4B-00C04F79EFBC}") = "AbstractFactory", "Src\AbstractFactory\AbstractFactory.csproj", "{CF6B446A-90B6-4A27-A881-F160B2665FBD}"
EndProject
Project("{FAE04EC0-301F-11D3-BF4B-00C04F79EFBC}") = "BuilderPattern", "Src\Builder\BuilderPattern.csproj", "{4755B2E1-FD66-40E1-8DD9-CE917D1E7E11}"
EndProject
Project("{FAE04EC0-301F-11D3-BF4B-00C04F79EFBC}") = "FactoryMethodPattern", "Src\FactoryMethodPattern\FactoryMethodPattern.csproj", "{7A7ED794-3659-499B-B545-6B75462C8E16}"
EndProject
Project("{FAE04EC0-301F-11D3-BF4B-00C04F79EFBC}") = "PrototypePattern", "Src\PrototypePattern\PrototypePattern.csproj", "{014574CA-7195-455D-B146-5EF017DAFFED}"
EndProject
Project("{FAE04EC0-301F-11D3-BF4B-00C04F79EFBC}") = "SingletonPattern", "Src\SingletonPattern\SingletonPattern.csproj", "{CA4BD8B6-6066-4B3F-9B1F-33F2BAB7CE66}"
EndProject
Project("{FAE04EC0-301F-11D3-BF4B-00C04F79EFBC}") = "AdapterPattern", "Src\AdapterPattern\AdapterPattern.csproj", "{03BB2D9F-73F0-48C9-BE8B-9E7672722E14}"
EndProject
Project("{FAE04EC0-301F-11D3-BF4B-00C04F79EFBC}") = "BridgePattern", "Src\BridgePattern\BridgePattern.csproj", "{B1924D96-6A32-495A-888C-543059A17B7E}"
EndProject
Project("{FAE04EC0-301F-11D3-BF4B-00C04F79EFBC}") = "DecoratorPattern", "Src\DecoratorPattern\DecoratorPattern.csproj", "{D453B327-136F-42E1-9326-6604266593C7}"
EndProject
Project("{FAE04EC0-301F-11D3-BF4B-00C04F79EFBC}") = "CompositePattern", "Src\CompositePattern\CompositePattern.csproj", "{CDAD7112-2DEC-4AEF-B4DB-6C07737CF19E}"
EndProject
Project("{FAE04EC0-301F-11D3-BF4B-00C04F79EFBC}") = "FlyweightPattern", "Src\FlyweightPattern\FlyweightPattern.csproj", "{56CAED47-4A9E-4042-B0F4-EDC9DB4518C4}"
EndProject
Project("{FAE04EC0-301F-11D3-BF4B-00C04F79EFBC}") = "FacadePattern", "Src\FacadePattern\FacadePattern.csproj", "{638EF7DC-2050-439F-9A4E-5582B44487E5}"
EndProject
Project("{FAE04EC0-301F-11D3-BF4B-00C04F79EFBC}") = "ProxyPattern", "Src\ProxyPattern\ProxyPattern.csproj", "{13F57792-1DD1-441B-AE85-2119E289E72B}"
EndProject
Global
	GlobalSection(SolutionConfigurationPlatforms) = preSolution
		Debug|Any CPU = Debug|Any CPU
		Release|Any CPU = Release|Any CPU
	EndGlobalSection
	GlobalSection(ProjectConfigurationPlatforms) = postSolution
		{CF6B446A-90B6-4A27-A881-F160B2665FBD}.Debug|Any CPU.ActiveCfg = Debug|Any CPU
		{CF6B446A-90B6-4A27-A881-F160B2665FBD}.Debug|Any CPU.Build.0 = Debug|Any CPU
		{CF6B446A-90B6-4A27-A881-F160B2665FBD}.Release|Any CPU.ActiveCfg = Release|Any CPU
		{CF6B446A-90B6-4A27-A881-F160B2665FBD}.Release|Any CPU.Build.0 = Release|Any CPU
		{4755B2E1-FD66-40E1-8DD9-CE917D1E7E11}.Debug|Any CPU.ActiveCfg = Debug|Any CPU
		{4755B2E1-FD66-40E1-8DD9-CE917D1E7E11}.Debug|Any CPU.Build.0 = Debug|Any CPU
		{4755B2E1-FD66-40E1-8DD9-CE917D1E7E11}.Release|Any CPU.ActiveCfg = Release|Any CPU
		{4755B2E1-FD66-40E1-8DD9-CE917D1E7E11}.Release|Any CPU.Build.0 = Release|Any CPU
		{7A7ED794-3659-499B-B545-6B75462C8E16}.Debug|Any CPU.ActiveCfg = Debug|Any CPU
		{7A7ED794-3659-499B-B545-6B75462C8E16}.Debug|Any CPU.Build.0 = Debug|Any CPU
		{7A7ED794-3659-499B-B545-6B75462C8E16}.Release|Any CPU.ActiveCfg = Release|Any CPU
		{7A7ED794-3659-499B-B545-6B75462C8E16}.Release|Any CPU.Build.0 = Release|Any CPU
		{014574CA-7195-455D-B146-5EF017DAFFED}.Debug|Any CPU.ActiveCfg = Debug|Any CPU
		{014574CA-7195-455D-B146-5EF017DAFFED}.Debug|Any CPU.Build.0 = Debug|Any CPU
		{014574CA-7195-455D-B146-5EF017DAFFED}.Release|Any CPU.ActiveCfg = Release|Any CPU
		{014574CA-7195-455D-B146-5EF017DAFFED}.Release|Any CPU.Build.0 = Release|Any CPU
		{CA4BD8B6-6066-4B3F-9B1F-33F2BAB7CE66}.Debug|Any CPU.ActiveCfg = Debug|Any CPU
		{CA4BD8B6-6066-4B3F-9B1F-33F2BAB7CE66}.Debug|Any CPU.Build.0 = Debug|Any CPU
		{CA4BD8B6-6066-4B3F-9B1F-33F2BAB7CE66}.Release|Any CPU.ActiveCfg = Release|Any CPU
		{CA4BD8B6-6066-4B3F-9B1F-33F2BAB7CE66}.Release|Any CPU.Build.0 = Release|Any CPU
		{03BB2D9F-73F0-48C9-BE8B-9E7672722E14}.Debug|Any CPU.ActiveCfg = Debug|Any CPU
		{03BB2D9F-73F0-48C9-BE8B-9E7672722E14}.Debug|Any CPU.Build.0 = Debug|Any CPU
		{03BB2D9F-73F0-48C9-BE8B-9E7672722E14}.Release|Any CPU.ActiveCfg = Release|Any CPU
		{03BB2D9F-73F0-48C9-BE8B-9E7672722E14}.Release|Any CPU.Build.0 = Release|Any CPU
		{B1924D96-6A32-495A-888C-543059A17B7E}.Debug|Any CPU.ActiveCfg = Debug|Any CPU
		{B1924D96-6A32-495A-888C-543059A17B7E}.Debug|Any CPU.Build.0 = Debug|Any CPU
		{B1924D96-6A32-495A-888C-543059A17B7E}.Release|Any CPU.ActiveCfg = Release|Any CPU
		{B1924D96-6A32-495A-888C-543059A17B7E}.Release|Any CPU.Build.0 = Release|Any CPU
		{D453B327-136F-42E1-9326-6604266593C7}.Debug|Any CPU.ActiveCfg = Debug|Any CPU
		{D453B327-136F-42E1-9326-6604266593C7}.Debug|Any CPU.Build.0 = Debug|Any CPU
		{D453B327-136F-42E1-9326-6604266593C7}.Release|Any CPU.ActiveCfg = Release|Any CPU
		{D453B327-136F-42E1-9326-6604266593C7}.Release|Any CPU.Build.0 = Release|Any CPU
		{CDAD7112-2DEC-4AEF-B4DB-6C07737CF19E}.Debug|Any CPU.ActiveCfg = Debug|Any CPU
		{CDAD7112-2DEC-4AEF-B4DB-6C07737CF19E}.Debug|Any CPU.Build.0 = Debug|Any CPU
		{CDAD7112-2DEC-4AEF-B4DB-6C07737CF19E}.Release|Any CPU.ActiveCfg = Release|Any CPU
		{CDAD7112-2DEC-4AEF-B4DB-6C07737CF19E}.Release|Any CPU.Build.0 = Release|Any CPU
		{56CAED47-4A9E-4042-B0F4-EDC9DB4518C4}.Debug|Any CPU.ActiveCfg = Debug|Any CPU
		{56CAED47-4A9E-4042-B0F4-EDC9DB4518C4}.Debug|Any CPU.Build.0 = Debug|Any CPU
		{56CAED47-4A9E-4042-B0F4-EDC9DB4518C4}.Release|Any CPU.ActiveCfg = Release|Any CPU
		{56CAED47-4A9E-4042-B0F4-EDC9DB4518C4}.Release|Any CPU.Build.0 = Release|Any CPU
		{638EF7DC-2050-439F-9A4E-5582B44487E5}.Debug|Any CPU.ActiveCfg = Debug|Any CPU
		{638EF7DC-2050-439F-9A4E-5582B44487E5}.Debug|Any CPU.Build.0 = Debug|Any CPU
		{638EF7DC-2050-439F-9A4E-5582B44487E5}.Release|Any CPU.ActiveCfg = Release|Any CPU
		{638EF7DC-2050-439F-9A4E-5582B44487E5}.Release|Any CPU.Build.0 = Release|Any CPU
		{13F57792-1DD1-441B-AE85-2119E289E72B}.Debug|Any CPU.ActiveCfg = Debug|Any CPU
		{13F57792-1DD1-441B-AE85-2119E289E72B}.Debug|Any CPU.Build.0 = Debug|Any CPU
		{13F57792-1DD1-441B-AE85-2119E289E72B}.Release|Any CPU.ActiveCfg = Release|Any CPU
		{13F57792-1DD1-441B-AE85-2119E289E72B}.Release|Any CPU.Build.0 = Release|Any CPU
	EndGlobalSection
	GlobalSection(SolutionProperties) = preSolution
		HideSolutionNode = FALSE
	EndGlobalSection
EndGlobal
